
Microsoft Visual Studio Solution File, Format Version 12.00
# Visual Studio Version 16
VisualStudioVersion = 16.0.29806.167
MinimumVisualStudioVersion = 15.0.26124.0
Project("{2150E333-8FDC-42A3-9474-1A3956D46DE8}") = "core", "core", "{A4366428-1AF9-4F83-937B-5E68221A2715}"
EndProject
Project("{2150E333-8FDC-42A3-9474-1A3956D46DE8}") = "tests", "tests", "{FAE8D1DF-2ADF-45F7-B535-67D5613A4622}"
EndProject
Project("{2150E333-8FDC-42A3-9474-1A3956D46DE8}") = "unit", "unit", "{B4814A40-1E35-4005-8B3D-FC1E1D1F44AE}"
EndProject
Project("{2150E333-8FDC-42A3-9474-1A3956D46DE8}") = "integration", "integration", "{08CD5D6E-6E7B-4DC3-8210-30B586BC134E}"
EndProject
Project("{FAE04EC0-301F-11D3-BF4B-00C04F79EFBC}") = "SpreadMagic.Web.Api.Tests.Integration", "tests\integration\SpreadMagic.Web.Api.Tests.Integration\SpreadMagic.Web.Api.Tests.Integration.csproj", "{89199E1A-CDB0-4623-8B7C-618F0DF3460B}"
EndProject
Project("{FAE04EC0-301F-11D3-BF4B-00C04F79EFBC}") = "SpreadMagic.Web.Api.Tests.Unit", "tests\unit\SpreadMagic.Web.Api.Tests.Unit\SpreadMagic.Web.Api.Tests.Unit.csproj", "{6BD54CAE-41E9-4087-ABC6-1F8C9DFD1814}"
EndProject
Project("{FAE04EC0-301F-11D3-BF4B-00C04F79EFBC}") = "SpreadMagic.Web.Api", "core\SpreadMagic.Web.Api\SpreadMagic.Web.Api.csproj", "{AFF7B531-E553-45E6-AF92-33BC802A4FB8}"
EndProject
Global
	GlobalSection(SolutionConfigurationPlatforms) = preSolution
		Debug|Any CPU = Debug|Any CPU
		Release|Any CPU = Release|Any CPU
	EndGlobalSection
	GlobalSection(ProjectConfigurationPlatforms) = postSolution
		{89199E1A-CDB0-4623-8B7C-618F0DF3460B}.Debug|Any CPU.ActiveCfg = Debug|Any CPU
		{89199E1A-CDB0-4623-8B7C-618F0DF3460B}.Debug|Any CPU.Build.0 = Debug|Any CPU
		{89199E1A-CDB0-4623-8B7C-618F0DF3460B}.Release|Any CPU.ActiveCfg = Release|Any CPU
		{89199E1A-CDB0-4623-8B7C-618F0DF3460B}.Release|Any CPU.Build.0 = Release|Any CPU
		{6BD54CAE-41E9-4087-ABC6-1F8C9DFD1814}.Debug|Any CPU.ActiveCfg = Debug|Any CPU
		{6BD54CAE-41E9-4087-ABC6-1F8C9DFD1814}.Debug|Any CPU.Build.0 = Debug|Any CPU
		{6BD54CAE-41E9-4087-ABC6-1F8C9DFD1814}.Release|Any CPU.ActiveCfg = Release|Any CPU
		{6BD54CAE-41E9-4087-ABC6-1F8C9DFD1814}.Release|Any CPU.Build.0 = Release|Any CPU
		{AFF7B531-E553-45E6-AF92-33BC802A4FB8}.Debug|Any CPU.ActiveCfg = Debug|Any CPU
		{AFF7B531-E553-45E6-AF92-33BC802A4FB8}.Debug|Any CPU.Build.0 = Debug|Any CPU
		{AFF7B531-E553-45E6-AF92-33BC802A4FB8}.Release|Any CPU.ActiveCfg = Release|Any CPU
		{AFF7B531-E553-45E6-AF92-33BC802A4FB8}.Release|Any CPU.Build.0 = Release|Any CPU
	EndGlobalSection
	GlobalSection(SolutionProperties) = preSolution
		HideSolutionNode = FALSE
	EndGlobalSection
	GlobalSection(NestedProjects) = preSolution
		{B4814A40-1E35-4005-8B3D-FC1E1D1F44AE} = {FAE8D1DF-2ADF-45F7-B535-67D5613A4622}
		{08CD5D6E-6E7B-4DC3-8210-30B586BC134E} = {FAE8D1DF-2ADF-45F7-B535-67D5613A4622}
		{89199E1A-CDB0-4623-8B7C-618F0DF3460B} = {08CD5D6E-6E7B-4DC3-8210-30B586BC134E}
		{6BD54CAE-41E9-4087-ABC6-1F8C9DFD1814} = {B4814A40-1E35-4005-8B3D-FC1E1D1F44AE}
		{AFF7B531-E553-45E6-AF92-33BC802A4FB8} = {A4366428-1AF9-4F83-937B-5E68221A2715}
	EndGlobalSection
	GlobalSection(ExtensibilityGlobals) = postSolution
		SolutionGuid = {DF966966-C31A-4A9B-A655-9AD9BA9CA689}
	EndGlobalSection
EndGlobal
